
Microsoft Visual Studio Solution File, Format Version 12.00
# Visual Studio Version 17
VisualStudioVersion = 17.13.35828.75 d17.13
MinimumVisualStudioVersion = 10.0.40219.1
Project("{FAE04EC0-301F-11D3-BF4B-00C04F79EFBC}") = "2579 계단오르기", "2579 계단오르기\2579 계단오르기.csproj", "{284094E8-5554-4EA1-8A91-A92AD0EA50B7}"
EndProject
Global
	GlobalSection(SolutionConfigurationPlatforms) = preSolution
		Debug|Any CPU = Debug|Any CPU
		Release|Any CPU = Release|Any CPU
	EndGlobalSection
	GlobalSection(ProjectConfigurationPlatforms) = postSolution
		{284094E8-5554-4EA1-8A91-A92AD0EA50B7}.Debug|Any CPU.ActiveCfg = Debug|Any CPU
		{284094E8-5554-4EA1-8A91-A92AD0EA50B7}.Debug|Any CPU.Build.0 = Debug|Any CPU
		{284094E8-5554-4EA1-8A91-A92AD0EA50B7}.Release|Any CPU.ActiveCfg = Release|Any CPU
		{284094E8-5554-4EA1-8A91-A92AD0EA50B7}.Release|Any CPU.Build.0 = Release|Any CPU
	EndGlobalSection
	GlobalSection(SolutionProperties) = preSolution
		HideSolutionNode = FALSE
	EndGlobalSection
	GlobalSection(ExtensibilityGlobals) = postSolution
		SolutionGuid = {0C08641D-E24D-43E0-A94A-DE7CE5241009}
	EndGlobalSection
EndGlobal
